
Microsoft Visual Studio Solution File, Format Version 12.00
# Visual Studio Version 17
VisualStudioVersion = 17.1.32414.318
MinimumVisualStudioVersion = 10.0.40219.1
Project("{9A19103F-16F7-4668-BE54-9A1E7A4F7556}") = "TeaApp", "TeaApp.csproj", "{F29245D8-1DC9-4A30-91BC-7B652770FEF0}"
EndProject
Global
	GlobalSection(SolutionConfigurationPlatforms) = preSolution
		Debug|Any CPU = Debug|Any CPU
		Release|Any CPU = Release|Any CPU
	EndGlobalSection
	GlobalSection(ProjectConfigurationPlatforms) = postSolution
		{F29245D8-1DC9-4A30-91BC-7B652770FEF0}.Debug|Any CPU.ActiveCfg = Debug|Any CPU
		{F29245D8-1DC9-4A30-91BC-7B652770FEF0}.Debug|Any CPU.Build.0 = Debug|Any CPU
		{F29245D8-1DC9-4A30-91BC-7B652770FEF0}.Release|Any CPU.ActiveCfg = Release|Any CPU
		{F29245D8-1DC9-4A30-91BC-7B652770FEF0}.Release|Any CPU.Build.0 = Release|Any CPU
	EndGlobalSection
	GlobalSection(SolutionProperties) = preSolution
		HideSolutionNode = FALSE
	EndGlobalSection
	GlobalSection(ExtensibilityGlobals) = postSolution
		SolutionGuid = {738B16BA-08B8-4475-AAA3-52FD6EA75A7F}
	EndGlobalSection
EndGlobal
